// !$*UTF8*$!
{
	archiveVersion = 1;
	classes = {
	};
	objectVersion = 56;
	objects = {

/* Begin PBXBuildFile section */
		960B1E2728EF2C3300D761AE /* BlendingModesView.swift in Sources */ = {isa = PBXBuildFile; fileRef = 960B1E2628EF2C3300D761AE /* BlendingModesView.swift */; };
		960B1E2B28EF2CE000D761AE /* video.mp4 in Resources */ = {isa = PBXBuildFile; fileRef = 960B1E2A28EF2CE000D761AE /* video.mp4 */; };
		960DAA75284EB2AB002F7268 /* iOS16App.swift in Sources */ = {isa = PBXBuildFile; fileRef = 960DAA74284EB2AB002F7268 /* iOS16App.swift */; };
		960DAA77284EB2AB002F7268 /* ContentView.swift in Sources */ = {isa = PBXBuildFile; fileRef = 960DAA76284EB2AB002F7268 /* ContentView.swift */; };
		960DAA79284EB2AC002F7268 /* Assets.xcassets in Resources */ = {isa = PBXBuildFile; fileRef = 960DAA78284EB2AC002F7268 /* Assets.xcassets */; };
		960DAA7C284EB2AC002F7268 /* Preview Assets.xcassets in Resources */ = {isa = PBXBuildFile; fileRef = 960DAA7B284EB2AC002F7268 /* Preview Assets.xcassets */; };
		9614579228FEF43800C0D8ED /* AnimatedTextView.swift in Sources */ = {isa = PBXBuildFile; fileRef = 9614579128FEF43800C0D8ED /* AnimatedTextView.swift */; };
		9614579429004D4300C0D8ED /* GooeyView.swift in Sources */ = {isa = PBXBuildFile; fileRef = 9614579329004D4300C0D8ED /* GooeyView.swift */; };
		961CB75029031E5A00BE996A /* ViewThatFitsView.swift in Sources */ = {isa = PBXBuildFile; fileRef = 961CB74F29031E5A00BE996A /* ViewThatFitsView.swift */; };
		961CB752290983AF00BE996A /* CardReflectionView.swift in Sources */ = {isa = PBXBuildFile; fileRef = 961CB751290983AF00BE996A /* CardReflectionView.swift */; };
		961CB754290C279D00BE996A /* CompassSheet.swift in Sources */ = {isa = PBXBuildFile; fileRef = 961CB753290C279D00BE996A /* CompassSheet.swift */; };
		9648CC5C28F8A3C200E7659E /* CompassHeading.swift in Sources */ = {isa = PBXBuildFile; fileRef = 9648CC5B28F8A3C200E7659E /* CompassHeading.swift */; };
		9688BA60284FB63C009F75CE /* NavigationStackView.swift in Sources */ = {isa = PBXBuildFile; fileRef = 9688BA5F284FB63C009F75CE /* NavigationStackView.swift */; };
		9688BA62284FBF83009F75CE /* HalfSheetView.swift in Sources */ = {isa = PBXBuildFile; fileRef = 9688BA61284FBF83009F75CE /* HalfSheetView.swift */; };
		9696E93B28E5DE8D00680DAD /* ActionButtonView.swift in Sources */ = {isa = PBXBuildFile; fileRef = 9696E93A28E5DE8D00680DAD /* ActionButtonView.swift */; };
		96A1665D28F07E2700591104 /* VideoView.swift in Sources */ = {isa = PBXBuildFile; fileRef = 96A1665C28F07E2700591104 /* VideoView.swift */; };
		96A1665F28F5C98D00591104 /* CompassView.swift in Sources */ = {isa = PBXBuildFile; fileRef = 96A1665E28F5C98D00591104 /* CompassView.swift */; };
		96A1666128F745E400591104 /* InnerShadowView.swift in Sources */ = {isa = PBXBuildFile; fileRef = 96A1666028F745E400591104 /* InnerShadowView.swift */; };
		96A1666328F75A7400591104 /* CircleLabelView.swift in Sources */ = {isa = PBXBuildFile; fileRef = 96A1666228F75A7400591104 /* CircleLabelView.swift */; };
		96A1666528F894C900591104 /* ParallaxMotionModifier.swift in Sources */ = {isa = PBXBuildFile; fileRef = 96A1666428F894C900591104 /* ParallaxMotionModifier.swift */; };
		96A53EA729364F380026F107 /* MenuView.swift in Sources */ = {isa = PBXBuildFile; fileRef = 96A53EA629364F380026F107 /* MenuView.swift */; };
		96A53EA9293664260026F107 /* MessageView.swift in Sources */ = {isa = PBXBuildFile; fileRef = 96A53EA8293664260026F107 /* MessageView.swift */; };
		96B4D2D6292D64E700460928 /* RadialLayoutView.swift in Sources */ = {isa = PBXBuildFile; fileRef = 96B4D2D5292D64E700460928 /* RadialLayoutView.swift */; };
		96D7C0002923F3CB009E3C04 /* GridView.swift in Sources */ = {isa = PBXBuildFile; fileRef = 96D7BFFF2923F3CB009E3C04 /* GridView.swift */; };
		96E86AA1284F8A33000AF322 /* ChartView.swift in Sources */ = {isa = PBXBuildFile; fileRef = 96E86AA0284F8A33000AF322 /* ChartView.swift */; };
/* End PBXBuildFile section */

/* Begin PBXFileReference section */
		960B1E2628EF2C3300D761AE /* BlendingModesView.swift */ = {isa = PBXFileReference; lastKnownFileType = sourcecode.swift; path = BlendingModesView.swift; sourceTree = "<group>"; };
		960B1E2A28EF2CE000D761AE /* video.mp4 */ = {isa = PBXFileReference; lastKnownFileType = file; path = video.mp4; sourceTree = "<group>"; };
		960DAA71284EB2AB002F7268 /* iOS16.app */ = {isa = PBXFileReference; explicitFileType = wrapper.application; includeInIndex = 0; path = iOS16.app; sourceTree = BUILT_PRODUCTS_DIR; };
		960DAA74284EB2AB002F7268 /* iOS16App.swift */ = {isa = PBXFileReference; lastKnownFileType = sourcecode.swift; path = iOS16App.swift; sourceTree = "<group>"; };
		960DAA76284EB2AB002F7268 /* ContentView.swift */ = {isa = PBXFileReference; lastKnownFileType = sourcecode.swift; path = ContentView.swift; sourceTree = "<group>"; };
		960DAA78284EB2AC002F7268 /* Assets.xcassets */ = {isa = PBXFileReference; lastKnownFileType = folder.assetcatalog; path = Assets.xcassets; sourceTree = "<group>"; };
		960DAA7B284EB2AC002F7268 /* Preview Assets.xcassets */ = {isa = PBXFileReference; lastKnownFileType = folder.assetcatalog; path = "Preview Assets.xcassets"; sourceTree = "<group>"; };
		9614579128FEF43800C0D8ED /* AnimatedTextView.swift */ = {isa = PBXFileReference; lastKnownFileType = sourcecode.swift; path = AnimatedTextView.swift; sourceTree = "<group>"; };
		9614579329004D4300C0D8ED /* GooeyView.swift */ = {isa = PBXFileReference; lastKnownFileType = sourcecode.swift; path = GooeyView.swift; sourceTree = "<group>"; };
		961CB74F29031E5A00BE996A /* ViewThatFitsView.swift */ = {isa = PBXFileReference; lastKnownFileType = sourcecode.swift; path = ViewThatFitsView.swift; sourceTree = "<group>"; };
		961CB751290983AF00BE996A /* CardReflectionView.swift */ = {isa = PBXFileReference; lastKnownFileType = sourcecode.swift; path = CardReflectionView.swift; sourceTree = "<group>"; };
		961CB753290C279D00BE996A /* CompassSheet.swift */ = {isa = PBXFileReference; lastKnownFileType = sourcecode.swift; path = CompassSheet.swift; sourceTree = "<group>"; };
		9648CC5B28F8A3C200E7659E /* CompassHeading.swift */ = {isa = PBXFileReference; lastKnownFileType = sourcecode.swift; path = CompassHeading.swift; sourceTree = "<group>"; };
		9688BA5F284FB63C009F75CE /* NavigationStackView.swift */ = {isa = PBXFileReference; lastKnownFileType = sourcecode.swift; path = NavigationStackView.swift; sourceTree = "<group>"; };
		9688BA61284FBF83009F75CE /* HalfSheetView.swift */ = {isa = PBXFileReference; lastKnownFileType = sourcecode.swift; path = HalfSheetView.swift; sourceTree = "<group>"; };
		9696E93A28E5DE8D00680DAD /* ActionButtonView.swift */ = {isa = PBXFileReference; lastKnownFileType = sourcecode.swift; path = ActionButtonView.swift; sourceTree = "<group>"; };
		96A1665C28F07E2700591104 /* VideoView.swift */ = {isa = PBXFileReference; lastKnownFileType = sourcecode.swift; path = VideoView.swift; sourceTree = "<group>"; };
		96A1665E28F5C98D00591104 /* CompassView.swift */ = {isa = PBXFileReference; lastKnownFileType = sourcecode.swift; path = CompassView.swift; sourceTree = "<group>"; };
		96A1666028F745E400591104 /* InnerShadowView.swift */ = {isa = PBXFileReference; lastKnownFileType = sourcecode.swift; path = InnerShadowView.swift; sourceTree = "<group>"; };
		96A1666228F75A7400591104 /* CircleLabelView.swift */ = {isa = PBXFileReference; lastKnownFileType = sourcecode.swift; path = CircleLabelView.swift; sourceTree = "<group>"; };
		96A1666428F894C900591104 /* ParallaxMotionModifier.swift */ = {isa = PBXFileReference; lastKnownFileType = sourcecode.swift; path = ParallaxMotionModifier.swift; sourceTree = "<group>"; };
		96A53EA629364F380026F107 /* MenuView.swift */ = {isa = PBXFileReference; lastKnownFileType = sourcecode.swift; path = MenuView.swift; sourceTree = "<group>"; };
		96A53EA8293664260026F107 /* MessageView.swift */ = {isa = PBXFileReference; lastKnownFileType = sourcecode.swift; path = MessageView.swift; sourceTree = "<group>"; };
		96B4D2D5292D64E700460928 /* RadialLayoutView.swift */ = {isa = PBXFileReference; lastKnownFileType = sourcecode.swift; path = RadialLayoutView.swift; sourceTree = "<group>"; };
		96D7BFFF2923F3CB009E3C04 /* GridView.swift */ = {isa = PBXFileReference; lastKnownFileType = sourcecode.swift; path = GridView.swift; sourceTree = "<group>"; };
		96E86AA0284F8A33000AF322 /* ChartView.swift */ = {isa = PBXFileReference; lastKnownFileType = sourcecode.swift; path = ChartView.swift; sourceTree = "<group>"; };
/* End PBXFileReference section */

/* Begin PBXFrameworksBuildPhase section */
		960DAA6E284EB2AB002F7268 /* Frameworks */ = {
			isa = PBXFrameworksBuildPhase;
			buildActionMask = 2147483647;
			files = (
			);
			runOnlyForDeploymentPostprocessing = 0;
		};
/* End PBXFrameworksBuildPhase section */

/* Begin PBXGroup section */
		960DAA68284EB2AB002F7268 = {
			isa = PBXGroup;
			children = (
				960DAA73284EB2AB002F7268 /* iOS16 */,
				960DAA72284EB2AB002F7268 /* Products */,
			);
			sourceTree = "<group>";
		};
		960DAA72284EB2AB002F7268 /* Products */ = {
			isa = PBXGroup;
			children = (
				960DAA71284EB2AB002F7268 /* iOS16.app */,
			);
			name = Products;
			sourceTree = "<group>";
		};
		960DAA73284EB2AB002F7268 /* iOS16 */ = {
			isa = PBXGroup;
			children = (
				960DAA74284EB2AB002F7268 /* iOS16App.swift */,
				960DAA76284EB2AB002F7268 /* ContentView.swift */,
				96A53EA8293664260026F107 /* MessageView.swift */,
				96A53EA629364F380026F107 /* MenuView.swift */,
				96A1665E28F5C98D00591104 /* CompassView.swift */,
				961CB753290C279D00BE996A /* CompassSheet.swift */,
				961CB74F29031E5A00BE996A /* ViewThatFitsView.swift */,
				961CB751290983AF00BE996A /* CardReflectionView.swift */,
				96E86AA0284F8A33000AF322 /* ChartView.swift */,
				96B4D2D5292D64E700460928 /* RadialLayoutView.swift */,
				9688BA5F284FB63C009F75CE /* NavigationStackView.swift */,
				9688BA61284FBF83009F75CE /* HalfSheetView.swift */,
				9614579128FEF43800C0D8ED /* AnimatedTextView.swift */,
				9696E93A28E5DE8D00680DAD /* ActionButtonView.swift */,
				9614579329004D4300C0D8ED /* GooeyView.swift */,
				960B1E2628EF2C3300D761AE /* BlendingModesView.swift */,
				96A1665C28F07E2700591104 /* VideoView.swift */,
				96D7BFFF2923F3CB009E3C04 /* GridView.swift */,
				96A1666228F75A7400591104 /* CircleLabelView.swift */,
				96A1666028F745E400591104 /* InnerShadowView.swift */,
				96B4D2D9292FD87C00460928 /* Utilities */,
				960DAA78284EB2AC002F7268 /* Assets.xcassets */,
				960B1E2A28EF2CE000D761AE /* video.mp4 */,
				960DAA7A284EB2AC002F7268 /* Preview Content */,
			);
			path = iOS16;
			sourceTree = "<group>";
		};
		960DAA7A284EB2AC002F7268 /* Preview Content */ = {
			isa = PBXGroup;
			children = (
				960DAA7B284EB2AC002F7268 /* Preview Assets.xcassets */,
			);
			path = "Preview Content";
			sourceTree = "<group>";
		};
		96B4D2D9292FD87C00460928 /* Utilities */ = {
			isa = PBXGroup;
			children = (
				9648CC5B28F8A3C200E7659E /* CompassHeading.swift */,
				96A1666428F894C900591104 /* ParallaxMotionModifier.swift */,
			);
			path = Utilities;
			sourceTree = "<group>";
		};
/* End PBXGroup section */

/* Begin PBXNativeTarget section */
		960DAA70284EB2AB002F7268 /* iOS16 */ = {
			isa = PBXNativeTarget;
			buildConfigurationList = 960DAA7F284EB2AC002F7268 /* Build configuration list for PBXNativeTarget "iOS16" */;
			buildPhases = (
				960DAA6D284EB2AB002F7268 /* Sources */,
				960DAA6E284EB2AB002F7268 /* Frameworks */,
				960DAA6F284EB2AB002F7268 /* Resources */,
			);
			buildRules = (
			);
			dependencies = (
			);
			name = iOS16;
			productName = iOS16;
			productReference = 960DAA71284EB2AB002F7268 /* iOS16.app */;
			productType = "com.apple.product-type.application";
		};
/* End PBXNativeTarget section */

/* Begin PBXProject section */
		960DAA69284EB2AB002F7268 /* Project object */ = {
			isa = PBXProject;
			attributes = {
				BuildIndependentTargetsInParallel = 1;
				LastSwiftUpdateCheck = 1400;
				LastUpgradeCheck = 1400;
				TargetAttributes = {
					960DAA70284EB2AB002F7268 = {
						CreatedOnToolsVersion = 14.0;
					};
				};
			};
			buildConfigurationList = 960DAA6C284EB2AB002F7268 /* Build configuration list for PBXProject "iOS16" */;
			compatibilityVersion = "Xcode 14.0";
			developmentRegion = en;
			hasScannedForEncodings = 0;
			knownRegions = (
				en,
				Base,
			);
			mainGroup = 960DAA68284EB2AB002F7268;
			productRefGroup = 960DAA72284EB2AB002F7268 /* Products */;
			projectDirPath = "";
			projectRoot = "";
			targets = (
				960DAA70284EB2AB002F7268 /* iOS16 */,
			);
		};
/* End PBXProject section */

/* Begin PBXResourcesBuildPhase section */
		960DAA6F284EB2AB002F7268 /* Resources */ = {
			isa = PBXResourcesBuildPhase;
			buildActionMask = 2147483647;
			files = (
				960DAA7C284EB2AC002F7268 /* Preview Assets.xcassets in Resources */,
				960DAA79284EB2AC002F7268 /* Assets.xcassets in Resources */,
				960B1E2B28EF2CE000D761AE /* video.mp4 in Resources */,
			);
			runOnlyForDeploymentPostprocessing = 0;
		};
/* End PBXResourcesBuildPhase section */

/* Begin PBXSourcesBuildPhase section */
		960DAA6D284EB2AB002F7268 /* Sources */ = {
			isa = PBXSourcesBuildPhase;
			buildActionMask = 2147483647;
			files = (
				96D7C0002923F3CB009E3C04 /* GridView.swift in Sources */,
				961CB754290C279D00BE996A /* CompassSheet.swift in Sources */,
				960DAA77284EB2AB002F7268 /* ContentView.swift in Sources */,
				96A1666528F894C900591104 /* ParallaxMotionModifier.swift in Sources */,
				9688BA60284FB63C009F75CE /* NavigationStackView.swift in Sources */,
				960DAA75284EB2AB002F7268 /* iOS16App.swift in Sources */,
				96A53EA9293664260026F107 /* MessageView.swift in Sources */,
				961CB752290983AF00BE996A /* CardReflectionView.swift in Sources */,
				96A53EA729364F380026F107 /* MenuView.swift in Sources */,
				9614579429004D4300C0D8ED /* GooeyView.swift in Sources */,
				9648CC5C28F8A3C200E7659E /* CompassHeading.swift in Sources */,
				96A1666128F745E400591104 /* InnerShadowView.swift in Sources */,
				9688BA62284FBF83009F75CE /* HalfSheetView.swift in Sources */,
				96A1665D28F07E2700591104 /* VideoView.swift in Sources */,
				9696E93B28E5DE8D00680DAD /* ActionButtonView.swift in Sources */,
				96A1666328F75A7400591104 /* CircleLabelView.swift in Sources */,
				96A1665F28F5C98D00591104 /* CompassView.swift in Sources */,
				960B1E2728EF2C3300D761AE /* BlendingModesView.swift in Sources */,
				9614579228FEF43800C0D8ED /* AnimatedTextView.swift in Sources */,
				961CB75029031E5A00BE996A /* ViewThatFitsView.swift in Sources */,
				96E86AA1284F8A33000AF322 /* ChartView.swift in Sources */,
				96B4D2D6292D64E700460928 /* RadialLayoutView.swift in Sources */,
			);
			runOnlyForDeploymentPostprocessing = 0;
		};
/* End PBXSourcesBuildPhase section */

/* Begin XCBuildConfiguration section */
		960DAA7D284EB2AC002F7268 /* Debug */ = {
			isa = XCBuildConfiguration;
			buildSettings = {
				ALWAYS_SEARCH_USER_PATHS = NO;
				CLANG_ANALYZER_NONNULL = YES;
				CLANG_ANALYZER_NUMBER_OBJECT_CONVERSION = YES_AGGRESSIVE;
				CLANG_CXX_LANGUAGE_STANDARD = "gnu++17";
				CLANG_ENABLE_MODULES = YES;
				CLANG_ENABLE_OBJC_ARC = YES;
				CLANG_ENABLE_OBJC_WEAK = YES;
				CLANG_WARN_BLOCK_CAPTURE_AUTORELEASING = YES;
				CLANG_WARN_BOOL_CONVERSION = YES;
				CLANG_WARN_COMMA = YES;
				CLANG_WARN_CONSTANT_CONVERSION = YES;
				CLANG_WARN_DEPRECATED_OBJC_IMPLEMENTATIONS = YES;
				CLANG_WARN_DIRECT_OBJC_ISA_USAGE = YES_ERROR;
				CLANG_WARN_DOCUMENTATION_COMMENTS = YES;
				CLANG_WARN_EMPTY_BODY = YES;
				CLANG_WARN_ENUM_CONVERSION = YES;
				CLANG_WARN_INFINITE_RECURSION = YES;
				CLANG_WARN_INT_CONVERSION = YES;
				CLANG_WARN_NON_LITERAL_NULL_CONVERSION = YES;
				CLANG_WARN_OBJC_IMPLICIT_RETAIN_SELF = YES;
				CLANG_WARN_OBJC_LITERAL_CONVERSION = YES;
				CLANG_WARN_OBJC_ROOT_CLASS = YES_ERROR;
				CLANG_WARN_QUOTED_INCLUDE_IN_FRAMEWORK_HEADER = YES;
				CLANG_WARN_RANGE_LOOP_ANALYSIS = YES;
				CLANG_WARN_STRICT_PROTOTYPES = YES;
				CLANG_WARN_SUSPICIOUS_MOVE = YES;
				CLANG_WARN_UNGUARDED_AVAILABILITY = YES_AGGRESSIVE;
				CLANG_WARN_UNREACHABLE_CODE = YES;
				CLANG_WARN__DUPLICATE_METHOD_MATCH = YES;
				COPY_PHASE_STRIP = NO;
				DEBUG_INFORMATION_FORMAT = dwarf;
				ENABLE_STRICT_OBJC_MSGSEND = YES;
				ENABLE_TESTABILITY = YES;
				GCC_C_LANGUAGE_STANDARD = gnu11;
				GCC_DYNAMIC_NO_PIC = NO;
				GCC_NO_COMMON_BLOCKS = YES;
				GCC_OPTIMIZATION_LEVEL = 0;
				GCC_PREPROCESSOR_DEFINITIONS = (
					"DEBUG=1",
					"$(inherited)",
				);
				GCC_WARN_64_TO_32_BIT_CONVERSION = YES;
				GCC_WARN_ABOUT_RETURN_TYPE = YES_ERROR;
				GCC_WARN_UNDECLARED_SELECTOR = YES;
				GCC_WARN_UNINITIALIZED_AUTOS = YES_AGGRESSIVE;
				GCC_WARN_UNUSED_FUNCTION = YES;
				GCC_WARN_UNUSED_VARIABLE = YES;
				IPHONEOS_DEPLOYMENT_TARGET = 16.0;
				MTL_ENABLE_DEBUG_INFO = INCLUDE_SOURCE;
				MTL_FAST_MATH = YES;
				ONLY_ACTIVE_ARCH = YES;
				SDKROOT = iphoneos;
				SWIFT_ACTIVE_COMPILATION_CONDITIONS = DEBUG;
				SWIFT_OPTIMIZATION_LEVEL = "-Onone";
			};
			name = Debug;
		};
		960DAA7E284EB2AC002F7268 /* Release */ = {
			isa = XCBuildConfiguration;
			buildSettings = {
				ALWAYS_SEARCH_USER_PATHS = NO;
				CLANG_ANALYZER_NONNULL = YES;
				CLANG_ANALYZER_NUMBER_OBJECT_CONVERSION = YES_AGGRESSIVE;
				CLANG_CXX_LANGUAGE_STANDARD = "gnu++17";
				CLANG_ENABLE_MODULES = YES;
				CLANG_ENABLE_OBJC_ARC = YES;
				CLANG_ENABLE_OBJC_WEAK = YES;
				CLANG_WARN_BLOCK_CAPTURE_AUTORELEASING = YES;
				CLANG_WARN_BOOL_CONVERSION = YES;
				CLANG_WARN_COMMA = YES;
				CLANG_WARN_CONSTANT_CONVERSION = YES;
				CLANG_WARN_DEPRECATED_OBJC_IMPLEMENTATIONS = YES;
				CLANG_WARN_DIRECT_OBJC_ISA_USAGE = YES_ERROR;
				CLANG_WARN_DOCUMENTATION_COMMENTS = YES;
				CLANG_WARN_EMPTY_BODY = YES;
				CLANG_WARN_ENUM_CONVERSION = YES;
				CLANG_WARN_INFINITE_RECURSION = YES;
				CLANG_WARN_INT_CONVERSION = YES;
				CLANG_WARN_NON_LITERAL_NULL_CONVERSION = YES;
				CLANG_WARN_OBJC_IMPLICIT_RETAIN_SELF = YES;
				CLANG_WARN_OBJC_LITERAL_CONVERSION = YES;
				CLANG_WARN_OBJC_ROOT_CLASS = YES_ERROR;
				CLANG_WARN_QUOTED_INCLUDE_IN_FRAMEWORK_HEADER = YES;
				CLANG_WARN_RANGE_LOOP_ANALYSIS = YES;
				CLANG_WARN_STRICT_PROTOTYPES = YES;
				CLANG_WARN_SUSPICIOUS_MOVE = YES;
				CLANG_WARN_UNGUARDED_AVAILABILITY = YES_AGGRESSIVE;
				CLANG_WARN_UNREACHABLE_CODE = YES;
				CLANG_WARN__DUPLICATE_METHOD_MATCH = YES;
				COPY_PHASE_STRIP = NO;
				DEBUG_INFORMATION_FORMAT = "dwarf-with-dsym";
				ENABLE_NS_ASSERTIONS = NO;
				ENABLE_STRICT_OBJC_MSGSEND = YES;
				GCC_C_LANGUAGE_STANDARD = gnu11;
				GCC_NO_COMMON_BLOCKS = YES;
				GCC_WARN_64_TO_32_BIT_CONVERSION = YES;
				GCC_WARN_ABOUT_RETURN_TYPE = YES_ERROR;
				GCC_WARN_UNDECLARED_SELECTOR = YES;
				GCC_WARN_UNINITIALIZED_AUTOS = YES_AGGRESSIVE;
				GCC_WARN_UNUSED_FUNCTION = YES;
				GCC_WARN_UNUSED_VARIABLE = YES;
				IPHONEOS_DEPLOYMENT_TARGET = 16.0;
				MTL_ENABLE_DEBUG_INFO = NO;
				MTL_FAST_MATH = YES;
				SDKROOT = iphoneos;
				SWIFT_COMPILATION_MODE = wholemodule;
				SWIFT_OPTIMIZATION_LEVEL = "-O";
				VALIDATE_PRODUCT = YES;
			};
			name = Release;
		};
		960DAA80284EB2AC002F7268 /* Debug */ = {
			isa = XCBuildConfiguration;
			buildSettings = {
				ASSETCATALOG_COMPILER_APPICON_NAME = AppIcon;
				ASSETCATALOG_COMPILER_GLOBAL_ACCENT_COLOR_NAME = AccentColor;
				CODE_SIGN_STYLE = Automatic;
				CURRENT_PROJECT_VERSION = 1;
				DEVELOPMENT_ASSET_PATHS = "\"iOS16/Preview Content\"";
				DEVELOPMENT_TEAM = 68WS2M23VC;
				ENABLE_PREVIEWS = YES;
				GENERATE_INFOPLIST_FILE = YES;
				INFOPLIST_KEY_UIApplicationSceneManifest_Generation = YES;
				INFOPLIST_KEY_UIApplicationSupportsIndirectInputEvents = YES;
				INFOPLIST_KEY_UILaunchScreen_Generation = YES;
				INFOPLIST_KEY_UISupportedInterfaceOrientations = "UIInterfaceOrientationLandscapeLeft UIInterfaceOrientationLandscapeRight UIInterfaceOrientationPortrait";
				INFOPLIST_KEY_UISupportedInterfaceOrientations_iPad = "UIInterfaceOrientationLandscapeLeft UIInterfaceOrientationLandscapeRight UIInterfaceOrientationPortrait UIInterfaceOrientationPortraitUpsideDown";
				LD_RUNPATH_SEARCH_PATHS = (
					"$(inherited)",
					"@executable_path/Frameworks",
				);
				MARKETING_VERSION = 1.0;
				PRODUCT_BUNDLE_IDENTIFIER = io.designcode.iOS16;
				PRODUCT_NAME = "$(TARGET_NAME)";
				SWIFT_EMIT_LOC_STRINGS = YES;
				SWIFT_VERSION = 5.0;
				TARGETED_DEVICE_FAMILY = "1,2";
			};
			name = Debug;
		};
		960DAA81284EB2AC002F7268 /* Release */ = {
			isa = XCBuildConfiguration;
			buildSettings = {
				ASSETCATALOG_COMPILER_APPICON_NAME = AppIcon;
				ASSETCATALOG_COMPILER_GLOBAL_ACCENT_COLOR_NAME = AccentColor;
				CODE_SIGN_STYLE = Automatic;
				CURRENT_PROJECT_VERSION = 1;
				DEVELOPMENT_ASSET_PATHS = "\"iOS16/Preview Content\"";
				DEVELOPMENT_TEAM = 68WS2M23VC;
				ENABLE_PREVIEWS = YES;
				GENERATE_INFOPLIST_FILE = YES;
				INFOPLIST_KEY_UIApplicationSceneManifest_Generation = YES;
				INFOPLIST_KEY_UIApplicationSupportsIndirectInputEvents = YES;
				INFOPLIST_KEY_UILaunchScreen_Generation = YES;
				INFOPLIST_KEY_UISupportedInterfaceOrientations = "UIInterfaceOrientationLandscapeLeft UIInterfaceOrientationLandscapeRight UIInterfaceOrientationPortrait";
				INFOPLIST_KEY_UISupportedInterfaceOrientations_iPad = "UIInterfaceOrientationLandscapeLeft UIInterfaceOrientationLandscapeRight UIInterfaceOrientationPortrait UIInterfaceOrientationPortraitUpsideDown";
				LD_RUNPATH_SEARCH_PATHS = (
					"$(inherited)",
					"@executable_path/Frameworks",
				);
				MARKETING_VERSION = 1.0;
				PRODUCT_BUNDLE_IDENTIFIER = io.designcode.iOS16;
				PRODUCT_NAME = "$(TARGET_NAME)";
				SWIFT_EMIT_LOC_STRINGS = YES;
				SWIFT_VERSION = 5.0;
				TARGETED_DEVICE_FAMILY = "1,2";
			};
			name = Release;
		};
/* End XCBuildConfiguration section */

/* Begin XCConfigurationList section */
		960DAA6C284EB2AB002F7268 /* Build configuration list for PBXProject "iOS16" */ = {
			isa = XCConfigurationList;
			buildConfigurations = (
				960DAA7D284EB2AC002F7268 /* Debug */,
				960DAA7E284EB2AC002F7268 /* Release */,
			);
			defaultConfigurationIsVisible = 0;
			defaultConfigurationName = Release;
		};
		960DAA7F284EB2AC002F7268 /* Build configuration list for PBXNativeTarget "iOS16" */ = {
			isa = XCConfigurationList;
			buildConfigurations = (
				960DAA80284EB2AC002F7268 /* Debug */,
				960DAA81284EB2AC002F7268 /* Release */,
			);
			defaultConfigurationIsVisible = 0;
			defaultConfigurationName = Release;
		};
/* End XCConfigurationList section */
	};
	rootObject = 960DAA69284EB2AB002F7268 /* Project object */;
}
